
Microsoft Visual Studio Solution File, Format Version 12.00
# Visual Studio 15
VisualStudioVersion = 15.0.27703.2042
MinimumVisualStudioVersion = 10.0.40219.1
Project("{9A19103F-16F7-4668-BE54-9A1E7A4F7556}") = "TextTranslation", "TextTranslation\TextTranslation.csproj", "{1AE697B6-F507-4412-A6C6-03CD53B03C07}"
EndProject
Project("{9A19103F-16F7-4668-BE54-9A1E7A4F7556}") = "TextTransliteration", "TextTransliteration\TextTransliteration.csproj", "{A6B9738A-30B3-41AC-935D-5031A68D3101}"
EndProject
Project("{9A19103F-16F7-4668-BE54-9A1E7A4F7556}") = "LanguageIdentify", "LanguageIdentify\LanguageIdentify.csproj", "{90BA01DF-C2EC-48B5-981D-1167812001EE}"
EndProject
Project("{9A19103F-16F7-4668-BE54-9A1E7A4F7556}") = "SentenceBreaker", "SentenceBreaker\SentenceBreaker.csproj", "{6C5386D2-D4D2-4B78-9BEA-85A22884E592}"
EndProject
Project("{FAE04EC0-301F-11D3-BF4B-00C04F79EFBC}") = "GetSupportedLanguages", "GetSupportedLanguages\GetSupportedLanguages.csproj", "{76750011-0C33-4874-A51A-A8643852096C}"
EndProject
Global
	GlobalSection(SolutionConfigurationPlatforms) = preSolution
		Debug|Any CPU = Debug|Any CPU
		Release|Any CPU = Release|Any CPU
	EndGlobalSection
	GlobalSection(ProjectConfigurationPlatforms) = postSolution
		{1AE697B6-F507-4412-A6C6-03CD53B03C07}.Debug|Any CPU.ActiveCfg = Debug|Any CPU
		{1AE697B6-F507-4412-A6C6-03CD53B03C07}.Debug|Any CPU.Build.0 = Debug|Any CPU
		{1AE697B6-F507-4412-A6C6-03CD53B03C07}.Release|Any CPU.ActiveCfg = Release|Any CPU
		{1AE697B6-F507-4412-A6C6-03CD53B03C07}.Release|Any CPU.Build.0 = Release|Any CPU
		{A6B9738A-30B3-41AC-935D-5031A68D3101}.Debug|Any CPU.ActiveCfg = Debug|Any CPU
		{A6B9738A-30B3-41AC-935D-5031A68D3101}.Debug|Any CPU.Build.0 = Debug|Any CPU
		{A6B9738A-30B3-41AC-935D-5031A68D3101}.Release|Any CPU.ActiveCfg = Release|Any CPU
		{A6B9738A-30B3-41AC-935D-5031A68D3101}.Release|Any CPU.Build.0 = Release|Any CPU
		{90BA01DF-C2EC-48B5-981D-1167812001EE}.Debug|Any CPU.ActiveCfg = Debug|Any CPU
		{90BA01DF-C2EC-48B5-981D-1167812001EE}.Debug|Any CPU.Build.0 = Debug|Any CPU
		{90BA01DF-C2EC-48B5-981D-1167812001EE}.Release|Any CPU.ActiveCfg = Release|Any CPU
		{90BA01DF-C2EC-48B5-981D-1167812001EE}.Release|Any CPU.Build.0 = Release|Any CPU
		{6C5386D2-D4D2-4B78-9BEA-85A22884E592}.Debug|Any CPU.ActiveCfg = Debug|Any CPU
		{6C5386D2-D4D2-4B78-9BEA-85A22884E592}.Debug|Any CPU.Build.0 = Debug|Any CPU
		{6C5386D2-D4D2-4B78-9BEA-85A22884E592}.Release|Any CPU.ActiveCfg = Release|Any CPU
		{6C5386D2-D4D2-4B78-9BEA-85A22884E592}.Release|Any CPU.Build.0 = Release|Any CPU
		{76750011-0C33-4874-A51A-A8643852096C}.Debug|Any CPU.ActiveCfg = Debug|Any CPU
		{76750011-0C33-4874-A51A-A8643852096C}.Debug|Any CPU.Build.0 = Debug|Any CPU
		{76750011-0C33-4874-A51A-A8643852096C}.Release|Any CPU.ActiveCfg = Release|Any CPU
		{76750011-0C33-4874-A51A-A8643852096C}.Release|Any CPU.Build.0 = Release|Any CPU
	EndGlobalSection
	GlobalSection(SolutionProperties) = preSolution
		HideSolutionNode = FALSE
	EndGlobalSection
	GlobalSection(ExtensibilityGlobals) = postSolution
		SolutionGuid = {F1040582-924F-4B6C-A8EB-E8D208AF8D71}
	EndGlobalSection
EndGlobal
